
Microsoft Visual Studio Solution File, Format Version 12.00
# Visual Studio Version 17
VisualStudioVersion = 17.3.32825.248
MinimumVisualStudioVersion = 10.0.40219.1
Project("{FAE04EC0-301F-11D3-BF4B-00C04F79EFBC}") = "DUOpakovani", "DUOpakovani.csproj", "{FC1518DF-C058-4DDA-87D6-C4A6D649C15D}"
EndProject
Global
	GlobalSection(SolutionConfigurationPlatforms) = preSolution
		Debug|Any CPU = Debug|Any CPU
		Release|Any CPU = Release|Any CPU
	EndGlobalSection
	GlobalSection(ProjectConfigurationPlatforms) = postSolution
		{FC1518DF-C058-4DDA-87D6-C4A6D649C15D}.Debug|Any CPU.ActiveCfg = Debug|Any CPU
		{FC1518DF-C058-4DDA-87D6-C4A6D649C15D}.Debug|Any CPU.Build.0 = Debug|Any CPU
		{FC1518DF-C058-4DDA-87D6-C4A6D649C15D}.Release|Any CPU.ActiveCfg = Release|Any CPU
		{FC1518DF-C058-4DDA-87D6-C4A6D649C15D}.Release|Any CPU.Build.0 = Release|Any CPU
	EndGlobalSection
	GlobalSection(SolutionProperties) = preSolution
		HideSolutionNode = FALSE
	EndGlobalSection
	GlobalSection(ExtensibilityGlobals) = postSolution
		SolutionGuid = {32CE9681-1204-42A0-96A5-7FE8FC58DFCB}
	EndGlobalSection
EndGlobal
